
Microsoft Visual Studio Solution File, Format Version 12.00
# Visual Studio Version 16
VisualStudioVersion = 16.0.30804.86
MinimumVisualStudioVersion = 10.0.40219.1
Project("{9A19103F-16F7-4668-BE54-9A1E7A4F7556}") = "DataLayer", "Entities\DataLayer.csproj", "{80D78B0C-6BCD-4728-8501-A777FA939C54}"
EndProject
Project("{9A19103F-16F7-4668-BE54-9A1E7A4F7556}") = "Repositories", "Repositories\Repositories.csproj", "{1D92D0BE-FF47-4F9B-9437-740D27C947DE}"
EndProject
Project("{9A19103F-16F7-4668-BE54-9A1E7A4F7556}") = "Services", "Services\Services.csproj", "{FF3E92FC-755A-44AF-864B-27739A079ABD}"
EndProject
Project("{9A19103F-16F7-4668-BE54-9A1E7A4F7556}") = "WebAPI", "WebAPI\WebAPI.csproj", "{6E7DCAAB-F1B9-4E8D-A9B8-E011721D912C}"
EndProject
Project("{9A19103F-16F7-4668-BE54-9A1E7A4F7556}") = "WebInstaller", "WebInstaller\WebInstaller.csproj", "{41A6AA2E-FAD6-48DE-B0AD-6BEE13B7001D}"
EndProject
Global
	GlobalSection(SolutionConfigurationPlatforms) = preSolution
		Debug|Any CPU = Debug|Any CPU
		Release|Any CPU = Release|Any CPU
	EndGlobalSection
	GlobalSection(ProjectConfigurationPlatforms) = postSolution
		{80D78B0C-6BCD-4728-8501-A777FA939C54}.Debug|Any CPU.ActiveCfg = Debug|Any CPU
		{80D78B0C-6BCD-4728-8501-A777FA939C54}.Debug|Any CPU.Build.0 = Debug|Any CPU
		{80D78B0C-6BCD-4728-8501-A777FA939C54}.Release|Any CPU.ActiveCfg = Release|Any CPU
		{80D78B0C-6BCD-4728-8501-A777FA939C54}.Release|Any CPU.Build.0 = Release|Any CPU
		{1D92D0BE-FF47-4F9B-9437-740D27C947DE}.Debug|Any CPU.ActiveCfg = Debug|Any CPU
		{1D92D0BE-FF47-4F9B-9437-740D27C947DE}.Debug|Any CPU.Build.0 = Debug|Any CPU
		{1D92D0BE-FF47-4F9B-9437-740D27C947DE}.Release|Any CPU.ActiveCfg = Release|Any CPU
		{1D92D0BE-FF47-4F9B-9437-740D27C947DE}.Release|Any CPU.Build.0 = Release|Any CPU
		{FF3E92FC-755A-44AF-864B-27739A079ABD}.Debug|Any CPU.ActiveCfg = Debug|Any CPU
		{FF3E92FC-755A-44AF-864B-27739A079ABD}.Debug|Any CPU.Build.0 = Debug|Any CPU
		{FF3E92FC-755A-44AF-864B-27739A079ABD}.Release|Any CPU.ActiveCfg = Release|Any CPU
		{FF3E92FC-755A-44AF-864B-27739A079ABD}.Release|Any CPU.Build.0 = Release|Any CPU
		{6E7DCAAB-F1B9-4E8D-A9B8-E011721D912C}.Debug|Any CPU.ActiveCfg = Debug|Any CPU
		{6E7DCAAB-F1B9-4E8D-A9B8-E011721D912C}.Debug|Any CPU.Build.0 = Debug|Any CPU
		{6E7DCAAB-F1B9-4E8D-A9B8-E011721D912C}.Release|Any CPU.ActiveCfg = Release|Any CPU
		{6E7DCAAB-F1B9-4E8D-A9B8-E011721D912C}.Release|Any CPU.Build.0 = Release|Any CPU
		{41A6AA2E-FAD6-48DE-B0AD-6BEE13B7001D}.Debug|Any CPU.ActiveCfg = Debug|Any CPU
		{41A6AA2E-FAD6-48DE-B0AD-6BEE13B7001D}.Debug|Any CPU.Build.0 = Debug|Any CPU
		{41A6AA2E-FAD6-48DE-B0AD-6BEE13B7001D}.Release|Any CPU.ActiveCfg = Release|Any CPU
		{41A6AA2E-FAD6-48DE-B0AD-6BEE13B7001D}.Release|Any CPU.Build.0 = Release|Any CPU
	EndGlobalSection
	GlobalSection(SolutionProperties) = preSolution
		HideSolutionNode = FALSE
	EndGlobalSection
	GlobalSection(ExtensibilityGlobals) = postSolution
		SolutionGuid = {0BDED2DA-117C-486C-BDAA-0004790E5911}
	EndGlobalSection
EndGlobal
